// !$*UTF8*$!
{
	archiveVersion = 1;
	classes = {
	};
	objectVersion = 51;
	objects = {

/* Begin PBXBuildFile section */
		227097051EB869B546BD0E23 /* Main.storyboard in Resources */ = {isa = PBXBuildFile; fileRef = D58357C8A67C56C0BDDE2878 /* Main.storyboard */; };
		396E8736877B4D722069E4E2 /* ClockApp.swift in Sources */ = {isa = PBXBuildFile; fileRef = CA9CD1C16506FD8D789F70ED /* ClockApp.swift */; };
		4628CF196116BF490F6AE2DF /* LaunchScreen.storyboard in Resources */ = {isa = PBXBuildFile; fileRef = E34FACE4951E7516F1B64F26 /* LaunchScreen.storyboard */; };
		BFF9C61522E72489000FAEC7 /* DateFormats.swift in Sources */ = {isa = PBXBuildFile; fileRef = BFF9C61422E72489000FAEC7 /* DateFormats.swift */; };
		D78FD220141B4248B05835CA /* TimeViewController.swift in Sources */ = {isa = PBXBuildFile; fileRef = 4651A8E1044B44FC7180AAE5 /* TimeViewController.swift */; };
		DDED4A833CF12A6E0B6B081E /* Assets.xcassets in Resources */ = {isa = PBXBuildFile; fileRef = D7E4FE817D63308C77D7CF7A /* Assets.xcassets */; };
/* End PBXBuildFile section */

/* Begin PBXFileReference section */
		1DC6CC698595993A84DF8B65 /* Base */ = {isa = PBXFileReference; lastKnownFileType = file.storyboard; name = Base; path = Base.lproj/LaunchScreen.storyboard; sourceTree = "<group>"; };
		4651A8E1044B44FC7180AAE5 /* TimeViewController.swift */ = {isa = PBXFileReference; lastKnownFileType = sourcecode.swift; path = TimeViewController.swift; sourceTree = "<group>"; };
		48175DF2A4644D6B38E8079F /* Clock.app */ = {isa = PBXFileReference; includeInIndex = 0; lastKnownFileType = wrapper.application; path = Clock.app; sourceTree = BUILT_PRODUCTS_DIR; };
		8F378DC7C196C3CF9684D64F /* Info.plist */ = {isa = PBXFileReference; lastKnownFileType = text.plist.xml; path = Info.plist; sourceTree = "<group>"; };
		BFF9C61422E72489000FAEC7 /* DateFormats.swift */ = {isa = PBXFileReference; lastKnownFileType = sourcecode.swift; path = DateFormats.swift; sourceTree = "<group>"; };
		CA9CD1C16506FD8D789F70ED /* ClockApp.swift */ = {isa = PBXFileReference; lastKnownFileType = sourcecode.swift; path = ClockApp.swift; sourceTree = "<group>"; };
		D58357C8A67C56C0BDDE2878 /* Main.storyboard */ = {isa = PBXFileReference; lastKnownFileType = file.storyboard; path = Main.storyboard; sourceTree = "<group>"; };
		D7E4FE817D63308C77D7CF7A /* Assets.xcassets */ = {isa = PBXFileReference; lastKnownFileType = folder.assetcatalog; path = Assets.xcassets; sourceTree = "<group>"; };
/* End PBXFileReference section */

/* Begin PBXGroup section */
		0F22004DF14F7FB7D23877A3 /* Assets */ = {
			isa = PBXGroup;
			children = (
				D7E4FE817D63308C77D7CF7A /* Assets.xcassets */,
				E34FACE4951E7516F1B64F26 /* LaunchScreen.storyboard */,
				D58357C8A67C56C0BDDE2878 /* Main.storyboard */,
			);
			path = Assets;
			sourceTree = "<group>";
		};
		32AA01B3E5A5A33CBE59E591 /* Controller */ = {
			isa = PBXGroup;
			children = (
				4651A8E1044B44FC7180AAE5 /* TimeViewController.swift */,
			);
			path = Controller;
			sourceTree = "<group>";
		};
		423218815EB1E68A4CD664A6 /* App */ = {
			isa = PBXGroup;
			children = (
				CA9CD1C16506FD8D789F70ED /* ClockApp.swift */,
				8F378DC7C196C3CF9684D64F /* Info.plist */,
			);
			path = App;
			sourceTree = "<group>";
		};
		4C63B9C4C439233887496971 /* Clock */ = {
			isa = PBXGroup;
			children = (
				423218815EB1E68A4CD664A6 /* App */,
				0F22004DF14F7FB7D23877A3 /* Assets */,
				32AA01B3E5A5A33CBE59E591 /* Controller */,
				BFF9C61322E7247D000FAEC7 /* Common */,
			);
			path = Clock;
			sourceTree = "<group>";
		};
		505DAF22ACC7604F3C960187 = {
			isa = PBXGroup;
			children = (
				4C63B9C4C439233887496971 /* Clock */,
				D3BA58A9FFCA0F51672F6B52 /* Products */,
			);
			sourceTree = "<group>";
		};
		BFF9C61322E7247D000FAEC7 /* Common */ = {
			isa = PBXGroup;
			children = (
				BFF9C61422E72489000FAEC7 /* DateFormats.swift */,
			);
			path = Common;
			sourceTree = "<group>";
		};
		D3BA58A9FFCA0F51672F6B52 /* Products */ = {
			isa = PBXGroup;
			children = (
				48175DF2A4644D6B38E8079F /* Clock.app */,
			);
			name = Products;
			sourceTree = "<group>";
		};
/* End PBXGroup section */

/* Begin PBXNativeTarget section */
		AC3E6D5F0F0FBDFC6C52A7D8 /* Clock */ = {
			isa = PBXNativeTarget;
			buildConfigurationList = A5856A973C4CA5665944CE6D /* Build configuration list for PBXNativeTarget "Clock" */;
			buildPhases = (
				C21E4AD32021076328681131 /* Sources */,
				CE82EA508FFF8683600479AC /* Resources */,
			);
			buildRules = (
			);
			dependencies = (
			);
			name = Clock;
			productName = Clock;
			productReference = 48175DF2A4644D6B38E8079F /* Clock.app */;
			productType = "com.apple.product-type.application";
		};
/* End PBXNativeTarget section */

/* Begin PBXProject section */
		128C931220553AF4DE2AD4AF /* Project object */ = {
			isa = PBXProject;
			attributes = {
				LastUpgradeCheck = 1020;
			};
			buildConfigurationList = 046AB5E5BF3CAA0FA9DA4EBA /* Build configuration list for PBXProject "Clock" */;
			compatibilityVersion = "Xcode 10.0";
			developmentRegion = en;
			hasScannedForEncodings = 0;
			knownRegions = (
				en,
				Base,
			);
			mainGroup = 505DAF22ACC7604F3C960187;
			projectDirPath = "";
			projectRoot = "";
			targets = (
				AC3E6D5F0F0FBDFC6C52A7D8 /* Clock */,
			);
		};
/* End PBXProject section */

/* Begin PBXResourcesBuildPhase section */
		CE82EA508FFF8683600479AC /* Resources */ = {
			isa = PBXResourcesBuildPhase;
			buildActionMask = 2147483647;
			files = (
				DDED4A833CF12A6E0B6B081E /* Assets.xcassets in Resources */,
				4628CF196116BF490F6AE2DF /* LaunchScreen.storyboard in Resources */,
				227097051EB869B546BD0E23 /* Main.storyboard in Resources */,
			);
			runOnlyForDeploymentPostprocessing = 0;
		};
/* End PBXResourcesBuildPhase section */

/* Begin PBXSourcesBuildPhase section */
		C21E4AD32021076328681131 /* Sources */ = {
			isa = PBXSourcesBuildPhase;
			buildActionMask = 2147483647;
			files = (
				BFF9C61522E72489000FAEC7 /* DateFormats.swift in Sources */,
				396E8736877B4D722069E4E2 /* ClockApp.swift in Sources */,
				D78FD220141B4248B05835CA /* TimeViewController.swift in Sources */,
			);
			runOnlyForDeploymentPostprocessing = 0;
		};
/* End PBXSourcesBuildPhase section */

/* Begin PBXVariantGroup section */
		E34FACE4951E7516F1B64F26 /* LaunchScreen.storyboard */ = {
			isa = PBXVariantGroup;
			children = (
				1DC6CC698595993A84DF8B65 /* Base */,
			);
			name = LaunchScreen.storyboard;
			sourceTree = "<group>";
		};
/* End PBXVariantGroup section */

/* Begin XCBuildConfiguration section */
		6BABF65A3F6B969BE965B8B5 /* Release */ = {
			isa = XCBuildConfiguration;
			buildSettings = {
				ALWAYS_SEARCH_USER_PATHS = NO;
				CLANG_ANALYZER_NONNULL = YES;
				CLANG_ANALYZER_NUMBER_OBJECT_CONVERSION = YES_AGGRESSIVE;
				CLANG_CXX_LANGUAGE_STANDARD = "gnu++14";
				CLANG_CXX_LIBRARY = "libc++";
				CLANG_ENABLE_MODULES = YES;
				CLANG_ENABLE_OBJC_ARC = YES;
				CLANG_WARN_BLOCK_CAPTURE_AUTORELEASING = YES;
				CLANG_WARN_BOOL_CONVERSION = YES;
				CLANG_WARN_COMMA = YES;
				CLANG_WARN_CONSTANT_CONVERSION = YES;
				CLANG_WARN_DEPRECATED_OBJC_IMPLEMENTATIONS = YES;
				CLANG_WARN_DIRECT_OBJC_ISA_USAGE = YES_ERROR;
				CLANG_WARN_DOCUMENTATION_COMMENTS = YES;
				CLANG_WARN_EMPTY_BODY = YES;
				CLANG_WARN_ENUM_CONVERSION = YES;
				CLANG_WARN_INFINITE_RECURSION = YES;
				CLANG_WARN_INT_CONVERSION = YES;
				CLANG_WARN_NON_LITERAL_NULL_CONVERSION = YES;
				CLANG_WARN_OBJC_IMPLICIT_RETAIN_SELF = YES;
				CLANG_WARN_OBJC_LITERAL_CONVERSION = YES;
				CLANG_WARN_OBJC_ROOT_CLASS = YES_ERROR;
				CLANG_WARN_RANGE_LOOP_ANALYSIS = YES;
				CLANG_WARN_STRICT_PROTOTYPES = YES;
				CLANG_WARN_SUSPICIOUS_MOVE = YES;
				CLANG_WARN_UNGUARDED_AVAILABILITY = YES_AGGRESSIVE;
				CLANG_WARN_UNREACHABLE_CODE = YES;
				CLANG_WARN__DUPLICATE_METHOD_MATCH = YES;
				COPY_PHASE_STRIP = NO;
				DEBUG_INFORMATION_FORMAT = "dwarf-with-dsym";
				ENABLE_NS_ASSERTIONS = NO;
				ENABLE_STRICT_OBJC_MSGSEND = YES;
				GCC_C_LANGUAGE_STANDARD = gnu11;
				GCC_NO_COMMON_BLOCKS = YES;
				GCC_WARN_64_TO_32_BIT_CONVERSION = YES;
				GCC_WARN_ABOUT_RETURN_TYPE = YES_ERROR;
				GCC_WARN_UNDECLARED_SELECTOR = YES;
				GCC_WARN_UNINITIALIZED_AUTOS = YES_AGGRESSIVE;
				GCC_WARN_UNUSED_FUNCTION = YES;
				GCC_WARN_UNUSED_VARIABLE = YES;
				IPHONEOS_DEPLOYMENT_TARGET = 13.0;
				PRODUCT_NAME = "$(TARGET_NAME)";
				SDKROOT = iphoneos;
				SWIFT_COMPILATION_MODE = wholemodule;
				SWIFT_VERSION = 5.0;
				VALIDATE_PRODUCT = YES;
			};
			name = Release;
		};
		BDD7E4B53C09A5589547DAA7 /* Release */ = {
			isa = XCBuildConfiguration;
			buildSettings = {
				ASSETCATALOG_COMPILER_APPICON_NAME = AppIcon;
				CODE_SIGN_IDENTITY = "iPhone Developer";
				INFOPLIST_FILE = Clock/App/Info.plist;
				LD_RUNPATH_SEARCH_PATHS = (
					"$(inherited)",
					"@executable_path/Frameworks",
				);
				PRODUCT_BUNDLE_IDENTIFIER = com.example.Clock;
				SDKROOT = iphoneos;
				SWIFT_VERSION = 5.0;
				TARGETED_DEVICE_FAMILY = "1,2";
			};
			name = Release;
		};
		C96A42C8A822FDC20B368171 /* Debug */ = {
			isa = XCBuildConfiguration;
			buildSettings = {
				ASSETCATALOG_COMPILER_APPICON_NAME = AppIcon;
				CODE_SIGN_IDENTITY = "iPhone Developer";
				INFOPLIST_FILE = Clock/App/Info.plist;
				LD_RUNPATH_SEARCH_PATHS = (
					"$(inherited)",
					"@executable_path/Frameworks",
				);
				PRODUCT_BUNDLE_IDENTIFIER = com.example.Clock;
				SDKROOT = iphoneos;
				SWIFT_VERSION = 5.0;
				TARGETED_DEVICE_FAMILY = "1,2";
			};
			name = Debug;
		};
		EDEC596457AFE37C917FB47B /* Debug */ = {
			isa = XCBuildConfiguration;
			buildSettings = {
				ALWAYS_SEARCH_USER_PATHS = NO;
				CLANG_ANALYZER_NONNULL = YES;
				CLANG_ANALYZER_NUMBER_OBJECT_CONVERSION = YES_AGGRESSIVE;
				CLANG_CXX_LANGUAGE_STANDARD = "gnu++14";
				CLANG_CXX_LIBRARY = "libc++";
				CLANG_ENABLE_MODULES = YES;
				CLANG_ENABLE_OBJC_ARC = YES;
				CLANG_WARN_BLOCK_CAPTURE_AUTORELEASING = YES;
				CLANG_WARN_BOOL_CONVERSION = YES;
				CLANG_WARN_COMMA = YES;
				CLANG_WARN_CONSTANT_CONVERSION = YES;
				CLANG_WARN_DEPRECATED_OBJC_IMPLEMENTATIONS = YES;
				CLANG_WARN_DIRECT_OBJC_ISA_USAGE = YES_ERROR;
				CLANG_WARN_DOCUMENTATION_COMMENTS = YES;
				CLANG_WARN_EMPTY_BODY = YES;
				CLANG_WARN_ENUM_CONVERSION = YES;
				CLANG_WARN_INFINITE_RECURSION = YES;
				CLANG_WARN_INT_CONVERSION = YES;
				CLANG_WARN_NON_LITERAL_NULL_CONVERSION = YES;
				CLANG_WARN_OBJC_IMPLICIT_RETAIN_SELF = YES;
				CLANG_WARN_OBJC_LITERAL_CONVERSION = YES;
				CLANG_WARN_OBJC_ROOT_CLASS = YES_ERROR;
				CLANG_WARN_RANGE_LOOP_ANALYSIS = YES;
				CLANG_WARN_STRICT_PROTOTYPES = YES;
				CLANG_WARN_SUSPICIOUS_MOVE = YES;
				CLANG_WARN_UNGUARDED_AVAILABILITY = YES_AGGRESSIVE;
				CLANG_WARN_UNREACHABLE_CODE = YES;
				CLANG_WARN__DUPLICATE_METHOD_MATCH = YES;
				COPY_PHASE_STRIP = NO;
				DEBUG_INFORMATION_FORMAT = dwarf;
				ENABLE_STRICT_OBJC_MSGSEND = YES;
				ENABLE_TESTABILITY = YES;
				GCC_C_LANGUAGE_STANDARD = gnu11;
				GCC_DYNAMIC_NO_PIC = NO;
				GCC_NO_COMMON_BLOCKS = YES;
				GCC_OPTIMIZATION_LEVEL = 0;
				GCC_PREPROCESSOR_DEFINITIONS = (
					"$(inherited)",
					"DEBUG=1",
				);
				GCC_WARN_64_TO_32_BIT_CONVERSION = YES;
				GCC_WARN_ABOUT_RETURN_TYPE = YES_ERROR;
				GCC_WARN_UNDECLARED_SELECTOR = YES;
				GCC_WARN_UNINITIALIZED_AUTOS = YES_AGGRESSIVE;
				GCC_WARN_UNUSED_FUNCTION = YES;
				GCC_WARN_UNUSED_VARIABLE = YES;
				IPHONEOS_DEPLOYMENT_TARGET = 13.0;
				MTL_ENABLE_DEBUG_INFO = YES;
				ONLY_ACTIVE_ARCH = YES;
				PRODUCT_NAME = "$(TARGET_NAME)";
				SDKROOT = iphoneos;
				SWIFT_ACTIVE_COMPILATION_CONDITIONS = DEBUG;
				SWIFT_OPTIMIZATION_LEVEL = "-Onone";
				SWIFT_VERSION = 5.0;
			};
			name = Debug;
		};
/* End XCBuildConfiguration section */

/* Begin XCConfigurationList section */
		046AB5E5BF3CAA0FA9DA4EBA /* Build configuration list for PBXProject "Clock" */ = {
			isa = XCConfigurationList;
			buildConfigurations = (
				EDEC596457AFE37C917FB47B /* Debug */,
				6BABF65A3F6B969BE965B8B5 /* Release */,
			);
			defaultConfigurationIsVisible = 0;
			defaultConfigurationName = Debug;
		};
		A5856A973C4CA5665944CE6D /* Build configuration list for PBXNativeTarget "Clock" */ = {
			isa = XCConfigurationList;
			buildConfigurations = (
				C96A42C8A822FDC20B368171 /* Debug */,
				BDD7E4B53C09A5589547DAA7 /* Release */,
			);
			defaultConfigurationIsVisible = 0;
			defaultConfigurationName = "";
		};
/* End XCConfigurationList section */
	};
	rootObject = 128C931220553AF4DE2AD4AF /* Project object */;
}
